
Microsoft Visual Studio Solution File, Format Version 12.00
# Visual Studio Version 16
VisualStudioVersion = 16.0.29102.190
MinimumVisualStudioVersion = 10.0.40219.1
Project("{9092AA53-FB77-4645-B42D-1CCCA6BD08BD}") = "authDemo", "authDemo.njsproj", "{89F9FDFE-D2B1-40A4-8372-8E614A889F48}"
EndProject
Global
	GlobalSection(SolutionConfigurationPlatforms) = preSolution
		Debug|Any CPU = Debug|Any CPU
		Release|Any CPU = Release|Any CPU
	EndGlobalSection
	GlobalSection(ProjectConfigurationPlatforms) = postSolution
		{89F9FDFE-D2B1-40A4-8372-8E614A889F48}.Debug|Any CPU.ActiveCfg = Debug|Any CPU
		{89F9FDFE-D2B1-40A4-8372-8E614A889F48}.Debug|Any CPU.Build.0 = Debug|Any CPU
		{89F9FDFE-D2B1-40A4-8372-8E614A889F48}.Release|Any CPU.ActiveCfg = Release|Any CPU
		{89F9FDFE-D2B1-40A4-8372-8E614A889F48}.Release|Any CPU.Build.0 = Release|Any CPU
	EndGlobalSection
	GlobalSection(SolutionProperties) = preSolution
		HideSolutionNode = FALSE
	EndGlobalSection
	GlobalSection(ExtensibilityGlobals) = postSolution
		SolutionGuid = {AB1BD15C-A10C-42A2-9DBF-5AE14D9AACD8}
	EndGlobalSection
EndGlobal
